
Microsoft Visual Studio Solution File, Format Version 12.00
# Visual Studio Version 17
VisualStudioVersion = 17.2.32505.173
MinimumVisualStudioVersion = 10.0.40219.1
Project("{2150E333-8FDC-42A3-9474-1A3956D46DE8}") = "Services", "Services", "{5A390776-48CF-495D-8599-E93CC1029863}"
EndProject
Project("{2150E333-8FDC-42A3-9474-1A3956D46DE8}") = "Catalog", "Catalog", "{EE598F36-E23A-417B-8436-762BE4BBBBEA}"
EndProject
Project("{9A19103F-16F7-4668-BE54-9A1E7A4F7556}") = "Catalog.API", "Services\Catalog\Catalog.API\Catalog.API.csproj", "{E01873BE-FE78-4AF2-8A14-AA3268F4A4BD}"
EndProject
Project("{E53339B2-1760-4266-BCC7-CA923CBCF16C}") = "docker-compose", "docker-compose.dcproj", "{2D6FF2D1-1106-4A2A-AFAC-15C2F33700A7}"
EndProject
Project("{2150E333-8FDC-42A3-9474-1A3956D46DE8}") = "Basket", "Basket", "{3F6E6C96-B06C-43D3-9535-ED120A6EFF3E}"
EndProject
Project("{FAE04EC0-301F-11D3-BF4B-00C04F79EFBC}") = "Basket.API", "Services\Basket\Basket.API\Basket.API.csproj", "{69C8E213-E659-494F-B7C8-6C7BFF1C85F4}"
EndProject
Global
	GlobalSection(SolutionConfigurationPlatforms) = preSolution
		Debug|Any CPU = Debug|Any CPU
		Release|Any CPU = Release|Any CPU
	EndGlobalSection
	GlobalSection(ProjectConfigurationPlatforms) = postSolution
		{E01873BE-FE78-4AF2-8A14-AA3268F4A4BD}.Debug|Any CPU.ActiveCfg = Debug|Any CPU
		{E01873BE-FE78-4AF2-8A14-AA3268F4A4BD}.Debug|Any CPU.Build.0 = Debug|Any CPU
		{E01873BE-FE78-4AF2-8A14-AA3268F4A4BD}.Release|Any CPU.ActiveCfg = Release|Any CPU
		{E01873BE-FE78-4AF2-8A14-AA3268F4A4BD}.Release|Any CPU.Build.0 = Release|Any CPU
		{2D6FF2D1-1106-4A2A-AFAC-15C2F33700A7}.Debug|Any CPU.ActiveCfg = Debug|Any CPU
		{2D6FF2D1-1106-4A2A-AFAC-15C2F33700A7}.Debug|Any CPU.Build.0 = Debug|Any CPU
		{2D6FF2D1-1106-4A2A-AFAC-15C2F33700A7}.Release|Any CPU.ActiveCfg = Release|Any CPU
		{2D6FF2D1-1106-4A2A-AFAC-15C2F33700A7}.Release|Any CPU.Build.0 = Release|Any CPU
		{69C8E213-E659-494F-B7C8-6C7BFF1C85F4}.Debug|Any CPU.ActiveCfg = Debug|Any CPU
		{69C8E213-E659-494F-B7C8-6C7BFF1C85F4}.Debug|Any CPU.Build.0 = Debug|Any CPU
		{69C8E213-E659-494F-B7C8-6C7BFF1C85F4}.Release|Any CPU.ActiveCfg = Release|Any CPU
		{69C8E213-E659-494F-B7C8-6C7BFF1C85F4}.Release|Any CPU.Build.0 = Release|Any CPU
	EndGlobalSection
	GlobalSection(SolutionProperties) = preSolution
		HideSolutionNode = FALSE
	EndGlobalSection
	GlobalSection(NestedProjects) = preSolution
		{EE598F36-E23A-417B-8436-762BE4BBBBEA} = {5A390776-48CF-495D-8599-E93CC1029863}
		{E01873BE-FE78-4AF2-8A14-AA3268F4A4BD} = {EE598F36-E23A-417B-8436-762BE4BBBBEA}
		{3F6E6C96-B06C-43D3-9535-ED120A6EFF3E} = {5A390776-48CF-495D-8599-E93CC1029863}
		{69C8E213-E659-494F-B7C8-6C7BFF1C85F4} = {3F6E6C96-B06C-43D3-9535-ED120A6EFF3E}
	EndGlobalSection
	GlobalSection(ExtensibilityGlobals) = postSolution
		SolutionGuid = {49A6E2FA-A002-4798-A2C8-8BA313DB60BE}
	EndGlobalSection
EndGlobal
